
Microsoft Visual Studio Solution File, Format Version 12.00
# Visual Studio Version 17
VisualStudioVersion = 17.4.33110.190
MinimumVisualStudioVersion = 10.0.40219.1
Project("{FAE04EC0-301F-11D3-BF4B-00C04F79EFBC}") = "MK", "MK\MK.csproj", "{8AD37CC5-0E8E-4007-952F-AF4765812C41}"
EndProject
Global
	GlobalSection(SolutionConfigurationPlatforms) = preSolution
		Debug|Any CPU = Debug|Any CPU
		Release|Any CPU = Release|Any CPU
	EndGlobalSection
	GlobalSection(ProjectConfigurationPlatforms) = postSolution
		{8AD37CC5-0E8E-4007-952F-AF4765812C41}.Debug|Any CPU.ActiveCfg = Debug|Any CPU
		{8AD37CC5-0E8E-4007-952F-AF4765812C41}.Debug|Any CPU.Build.0 = Debug|Any CPU
		{8AD37CC5-0E8E-4007-952F-AF4765812C41}.Release|Any CPU.ActiveCfg = Release|Any CPU
		{8AD37CC5-0E8E-4007-952F-AF4765812C41}.Release|Any CPU.Build.0 = Release|Any CPU
	EndGlobalSection
	GlobalSection(SolutionProperties) = preSolution
		HideSolutionNode = FALSE
	EndGlobalSection
	GlobalSection(ExtensibilityGlobals) = postSolution
		SolutionGuid = {431266FB-4F97-46F1-9657-230FB39EE909}
	EndGlobalSection
EndGlobal
